
Microsoft Visual Studio Solution File, Format Version 12.00
# Visual Studio Version 17
VisualStudioVersion = 17.5.002.0
MinimumVisualStudioVersion = 10.0.40219.1
Project("{2150E333-8FDC-42A3-9474-1A3956D46DE8}") = "csharp-prep", "csharp-prep", "{690410B3-83A7-4CC5-8AFC-9763808D1D7E}"
EndProject
Project("{9A19103F-16F7-4668-BE54-9A1E7A4F7556}") = "Prep1", "csharp-prep\Prep1\Prep1.csproj", "{3C2D10D4-7A2B-4DDA-8051-5BE071118C75}"
EndProject
Project("{9A19103F-16F7-4668-BE54-9A1E7A4F7556}") = "Prep2", "csharp-prep\Prep2\Prep2.csproj", "{FE6D4C77-61EF-4FD9-B13F-2E0B3F61E7E1}"
EndProject
Project("{9A19103F-16F7-4668-BE54-9A1E7A4F7556}") = "Prep3", "csharp-prep\Prep3\Prep3.csproj", "{F4256392-D830-4920-9952-6CF6C261CF0B}"
EndProject
Project("{9A19103F-16F7-4668-BE54-9A1E7A4F7556}") = "Prep4", "csharp-prep\Prep4\Prep4.csproj", "{C152D112-4321-4193-A0EE-FE159ED8371D}"
EndProject
Project("{9A19103F-16F7-4668-BE54-9A1E7A4F7556}") = "Prep5", "csharp-prep\Prep5\Prep5.csproj", "{3DDF4188-BD0F-4A80-AD45-81F7ECD6146A}"
EndProject
Project("{2150E333-8FDC-42A3-9474-1A3956D46DE8}") = "final", "final", "{4818E268-63DC-44B4-9365-E22E090A9331}"
EndProject
Project("{9A19103F-16F7-4668-BE54-9A1E7A4F7556}") = "FinalProject", "final\FinalProject\FinalProject.csproj", "{F4B681D4-312C-4991-A0F3-6493598B1FC2}"
EndProject
Project("{9A19103F-16F7-4668-BE54-9A1E7A4F7556}") = "Foundation1", "final\Foundation1\Foundation1.csproj", "{C2D659E5-B192-4EE9-AB2D-62194D665960}"
EndProject
Project("{9A19103F-16F7-4668-BE54-9A1E7A4F7556}") = "Foundation2", "final\Foundation2\Foundation2.csproj", "{EC116602-9E8C-484E-852B-4D8003B84D18}"
EndProject
Project("{9A19103F-16F7-4668-BE54-9A1E7A4F7556}") = "Foundation3", "final\Foundation3\Foundation3.csproj", "{403667A8-B29F-464D-81A3-E6506BCF34D5}"
EndProject
Project("{9A19103F-16F7-4668-BE54-9A1E7A4F7556}") = "Foundation4", "final\Foundation4\Foundation4.csproj", "{206F90B6-8786-4E04-AF4B-092EE2DF8CB0}"
EndProject
Project("{2150E333-8FDC-42A3-9474-1A3956D46DE8}") = "prepare", "prepare", "{DE45A95C-FAD3-4499-83FF-E4395CBCB738}"
EndProject
Project("{9A19103F-16F7-4668-BE54-9A1E7A4F7556}") = "Learning02", "prepare\Learning02\Learning02.csproj", "{6548892E-20C2-4316-B6C9-A2FA2274E717}"
EndProject
Project("{9A19103F-16F7-4668-BE54-9A1E7A4F7556}") = "Learning03", "prepare\Learning03\Learning03.csproj", "{4ADB1A27-3D21-4429-B025-DD885E651CD6}"
EndProject
Project("{9A19103F-16F7-4668-BE54-9A1E7A4F7556}") = "Learning04", "prepare\Learning04\Learning04.csproj", "{6D94E2D6-935E-45C5-B3B2-3D8888006FC7}"
EndProject
Project("{9A19103F-16F7-4668-BE54-9A1E7A4F7556}") = "Learning05", "prepare\Learning05\Learning05.csproj", "{B3CC3EC7-031D-4EAA-A92D-4F453C416038}"
EndProject
Project("{2150E333-8FDC-42A3-9474-1A3956D46DE8}") = "prove", "prove", "{EC1B1C2C-1FDA-4829-A25D-FB4793371F22}"
EndProject
Project("{9A19103F-16F7-4668-BE54-9A1E7A4F7556}") = "Develop02", "prove\Develop02\Develop02.csproj", "{13AA2A25-668C-4107-870D-F869CC9FAD15}"
EndProject
Project("{9A19103F-16F7-4668-BE54-9A1E7A4F7556}") = "Develop03", "prove\Develop03\Develop03.csproj", "{6027B17C-6CA0-4040-9E00-9C372B3DEFCD}"
EndProject
Project("{9A19103F-16F7-4668-BE54-9A1E7A4F7556}") = "Develop04", "prove\Develop04\Develop04.csproj", "{B5E0BA5C-4BBD-444C-AD46-762CD746332B}"
EndProject
Project("{9A19103F-16F7-4668-BE54-9A1E7A4F7556}") = "Develop05", "prove\Develop05\Develop05.csproj", "{37C77B4E-A94C-4E89-9F0C-0774C9D2D8CA}"
EndProject
Project("{2150E333-8FDC-42A3-9474-1A3956D46DE8}") = "sandbox", "sandbox", "{991008AE-89BB-4F9F-A48F-3BCBA995C381}"
EndProject
Project("{9A19103F-16F7-4668-BE54-9A1E7A4F7556}") = "Sandbox", "sandbox\Sandbox\Sandbox.csproj", "{70F1F35F-609F-4A25-9AD3-FD63B9D6C24B}"
EndProject
Global
	GlobalSection(SolutionConfigurationPlatforms) = preSolution
		Debug|Any CPU = Debug|Any CPU
		Release|Any CPU = Release|Any CPU
	EndGlobalSection
	GlobalSection(ProjectConfigurationPlatforms) = postSolution
		{3C2D10D4-7A2B-4DDA-8051-5BE071118C75}.Debug|Any CPU.ActiveCfg = Debug|Any CPU
		{3C2D10D4-7A2B-4DDA-8051-5BE071118C75}.Debug|Any CPU.Build.0 = Debug|Any CPU
		{3C2D10D4-7A2B-4DDA-8051-5BE071118C75}.Release|Any CPU.ActiveCfg = Release|Any CPU
		{3C2D10D4-7A2B-4DDA-8051-5BE071118C75}.Release|Any CPU.Build.0 = Release|Any CPU
		{FE6D4C77-61EF-4FD9-B13F-2E0B3F61E7E1}.Debug|Any CPU.ActiveCfg = Debug|Any CPU
		{FE6D4C77-61EF-4FD9-B13F-2E0B3F61E7E1}.Debug|Any CPU.Build.0 = Debug|Any CPU
		{FE6D4C77-61EF-4FD9-B13F-2E0B3F61E7E1}.Release|Any CPU.ActiveCfg = Release|Any CPU
		{FE6D4C77-61EF-4FD9-B13F-2E0B3F61E7E1}.Release|Any CPU.Build.0 = Release|Any CPU
		{F4256392-D830-4920-9952-6CF6C261CF0B}.Debug|Any CPU.ActiveCfg = Debug|Any CPU
		{F4256392-D830-4920-9952-6CF6C261CF0B}.Debug|Any CPU.Build.0 = Debug|Any CPU
		{F4256392-D830-4920-9952-6CF6C261CF0B}.Release|Any CPU.ActiveCfg = Release|Any CPU
		{F4256392-D830-4920-9952-6CF6C261CF0B}.Release|Any CPU.Build.0 = Release|Any CPU
		{C152D112-4321-4193-A0EE-FE159ED8371D}.Debug|Any CPU.ActiveCfg = Debug|Any CPU
		{C152D112-4321-4193-A0EE-FE159ED8371D}.Debug|Any CPU.Build.0 = Debug|Any CPU
		{C152D112-4321-4193-A0EE-FE159ED8371D}.Release|Any CPU.ActiveCfg = Release|Any CPU
		{C152D112-4321-4193-A0EE-FE159ED8371D}.Release|Any CPU.Build.0 = Release|Any CPU
		{3DDF4188-BD0F-4A80-AD45-81F7ECD6146A}.Debug|Any CPU.ActiveCfg = Debug|Any CPU
		{3DDF4188-BD0F-4A80-AD45-81F7ECD6146A}.Debug|Any CPU.Build.0 = Debug|Any CPU
		{3DDF4188-BD0F-4A80-AD45-81F7ECD6146A}.Release|Any CPU.ActiveCfg = Release|Any CPU
		{3DDF4188-BD0F-4A80-AD45-81F7ECD6146A}.Release|Any CPU.Build.0 = Release|Any CPU
		{F4B681D4-312C-4991-A0F3-6493598B1FC2}.Debug|Any CPU.ActiveCfg = Debug|Any CPU
		{F4B681D4-312C-4991-A0F3-6493598B1FC2}.Debug|Any CPU.Build.0 = Debug|Any CPU
		{F4B681D4-312C-4991-A0F3-6493598B1FC2}.Release|Any CPU.ActiveCfg = Release|Any CPU
		{F4B681D4-312C-4991-A0F3-6493598B1FC2}.Release|Any CPU.Build.0 = Release|Any CPU
		{C2D659E5-B192-4EE9-AB2D-62194D665960}.Debug|Any CPU.ActiveCfg = Debug|Any CPU
		{C2D659E5-B192-4EE9-AB2D-62194D665960}.Debug|Any CPU.Build.0 = Debug|Any CPU
		{C2D659E5-B192-4EE9-AB2D-62194D665960}.Release|Any CPU.ActiveCfg = Release|Any CPU
		{C2D659E5-B192-4EE9-AB2D-62194D665960}.Release|Any CPU.Build.0 = Release|Any CPU
		{EC116602-9E8C-484E-852B-4D8003B84D18}.Debug|Any CPU.ActiveCfg = Debug|Any CPU
		{EC116602-9E8C-484E-852B-4D8003B84D18}.Debug|Any CPU.Build.0 = Debug|Any CPU
		{EC116602-9E8C-484E-852B-4D8003B84D18}.Release|Any CPU.ActiveCfg = Release|Any CPU
		{EC116602-9E8C-484E-852B-4D8003B84D18}.Release|Any CPU.Build.0 = Release|Any CPU
		{403667A8-B29F-464D-81A3-E6506BCF34D5}.Debug|Any CPU.ActiveCfg = Debug|Any CPU
		{403667A8-B29F-464D-81A3-E6506BCF34D5}.Debug|Any CPU.Build.0 = Debug|Any CPU
		{403667A8-B29F-464D-81A3-E6506BCF34D5}.Release|Any CPU.ActiveCfg = Release|Any CPU
		{403667A8-B29F-464D-81A3-E6506BCF34D5}.Release|Any CPU.Build.0 = Release|Any CPU
		{206F90B6-8786-4E04-AF4B-092EE2DF8CB0}.Debug|Any CPU.ActiveCfg = Debug|Any CPU
		{206F90B6-8786-4E04-AF4B-092EE2DF8CB0}.Debug|Any CPU.Build.0 = Debug|Any CPU
		{206F90B6-8786-4E04-AF4B-092EE2DF8CB0}.Release|Any CPU.ActiveCfg = Release|Any CPU
		{206F90B6-8786-4E04-AF4B-092EE2DF8CB0}.Release|Any CPU.Build.0 = Release|Any CPU
		{6548892E-20C2-4316-B6C9-A2FA2274E717}.Debug|Any CPU.ActiveCfg = Debug|Any CPU
		{6548892E-20C2-4316-B6C9-A2FA2274E717}.Debug|Any CPU.Build.0 = Debug|Any CPU
		{6548892E-20C2-4316-B6C9-A2FA2274E717}.Release|Any CPU.ActiveCfg = Release|Any CPU
		{6548892E-20C2-4316-B6C9-A2FA2274E717}.Release|Any CPU.Build.0 = Release|Any CPU
		{4ADB1A27-3D21-4429-B025-DD885E651CD6}.Debug|Any CPU.ActiveCfg = Debug|Any CPU
		{4ADB1A27-3D21-4429-B025-DD885E651CD6}.Debug|Any CPU.Build.0 = Debug|Any CPU
		{4ADB1A27-3D21-4429-B025-DD885E651CD6}.Release|Any CPU.ActiveCfg = Release|Any CPU
		{4ADB1A27-3D21-4429-B025-DD885E651CD6}.Release|Any CPU.Build.0 = Release|Any CPU
		{6D94E2D6-935E-45C5-B3B2-3D8888006FC7}.Debug|Any CPU.ActiveCfg = Debug|Any CPU
		{6D94E2D6-935E-45C5-B3B2-3D8888006FC7}.Debug|Any CPU.Build.0 = Debug|Any CPU
		{6D94E2D6-935E-45C5-B3B2-3D8888006FC7}.Release|Any CPU.ActiveCfg = Release|Any CPU
		{6D94E2D6-935E-45C5-B3B2-3D8888006FC7}.Release|Any CPU.Build.0 = Release|Any CPU
		{B3CC3EC7-031D-4EAA-A92D-4F453C416038}.Debug|Any CPU.ActiveCfg = Debug|Any CPU
		{B3CC3EC7-031D-4EAA-A92D-4F453C416038}.Debug|Any CPU.Build.0 = Debug|Any CPU
		{B3CC3EC7-031D-4EAA-A92D-4F453C416038}.Release|Any CPU.ActiveCfg = Release|Any CPU
		{B3CC3EC7-031D-4EAA-A92D-4F453C416038}.Release|Any CPU.Build.0 = Release|Any CPU
		{13AA2A25-668C-4107-870D-F869CC9FAD15}.Debug|Any CPU.ActiveCfg = Debug|Any CPU
		{13AA2A25-668C-4107-870D-F869CC9FAD15}.Debug|Any CPU.Build.0 = Debug|Any CPU
		{13AA2A25-668C-4107-870D-F869CC9FAD15}.Release|Any CPU.ActiveCfg = Release|Any CPU
		{13AA2A25-668C-4107-870D-F869CC9FAD15}.Release|Any CPU.Build.0 = Release|Any CPU
		{6027B17C-6CA0-4040-9E00-9C372B3DEFCD}.Debug|Any CPU.ActiveCfg = Debug|Any CPU
		{6027B17C-6CA0-4040-9E00-9C372B3DEFCD}.Debug|Any CPU.Build.0 = Debug|Any CPU
		{6027B17C-6CA0-4040-9E00-9C372B3DEFCD}.Release|Any CPU.ActiveCfg = Release|Any CPU
		{6027B17C-6CA0-4040-9E00-9C372B3DEFCD}.Release|Any CPU.Build.0 = Release|Any CPU
		{B5E0BA5C-4BBD-444C-AD46-762CD746332B}.Debug|Any CPU.ActiveCfg = Debug|Any CPU
		{B5E0BA5C-4BBD-444C-AD46-762CD746332B}.Debug|Any CPU.Build.0 = Debug|Any CPU
		{B5E0BA5C-4BBD-444C-AD46-762CD746332B}.Release|Any CPU.ActiveCfg = Release|Any CPU
		{B5E0BA5C-4BBD-444C-AD46-762CD746332B}.Release|Any CPU.Build.0 = Release|Any CPU
		{37C77B4E-A94C-4E89-9F0C-0774C9D2D8CA}.Debug|Any CPU.ActiveCfg = Debug|Any CPU
		{37C77B4E-A94C-4E89-9F0C-0774C9D2D8CA}.Debug|Any CPU.Build.0 = Debug|Any CPU
		{37C77B4E-A94C-4E89-9F0C-0774C9D2D8CA}.Release|Any CPU.ActiveCfg = Release|Any CPU
		{37C77B4E-A94C-4E89-9F0C-0774C9D2D8CA}.Release|Any CPU.Build.0 = Release|Any CPU
		{70F1F35F-609F-4A25-9AD3-FD63B9D6C24B}.Debug|Any CPU.ActiveCfg = Debug|Any CPU
		{70F1F35F-609F-4A25-9AD3-FD63B9D6C24B}.Debug|Any CPU.Build.0 = Debug|Any CPU
		{70F1F35F-609F-4A25-9AD3-FD63B9D6C24B}.Release|Any CPU.ActiveCfg = Release|Any CPU
		{70F1F35F-609F-4A25-9AD3-FD63B9D6C24B}.Release|Any CPU.Build.0 = Release|Any CPU
	EndGlobalSection
	GlobalSection(SolutionProperties) = preSolution
		HideSolutionNode = FALSE
	EndGlobalSection
	GlobalSection(NestedProjects) = preSolution
		{3C2D10D4-7A2B-4DDA-8051-5BE071118C75} = {690410B3-83A7-4CC5-8AFC-9763808D1D7E}
		{FE6D4C77-61EF-4FD9-B13F-2E0B3F61E7E1} = {690410B3-83A7-4CC5-8AFC-9763808D1D7E}
		{F4256392-D830-4920-9952-6CF6C261CF0B} = {690410B3-83A7-4CC5-8AFC-9763808D1D7E}
		{C152D112-4321-4193-A0EE-FE159ED8371D} = {690410B3-83A7-4CC5-8AFC-9763808D1D7E}
		{3DDF4188-BD0F-4A80-AD45-81F7ECD6146A} = {690410B3-83A7-4CC5-8AFC-9763808D1D7E}
		{F4B681D4-312C-4991-A0F3-6493598B1FC2} = {4818E268-63DC-44B4-9365-E22E090A9331}
		{C2D659E5-B192-4EE9-AB2D-62194D665960} = {4818E268-63DC-44B4-9365-E22E090A9331}
		{EC116602-9E8C-484E-852B-4D8003B84D18} = {4818E268-63DC-44B4-9365-E22E090A9331}
		{403667A8-B29F-464D-81A3-E6506BCF34D5} = {4818E268-63DC-44B4-9365-E22E090A9331}
		{206F90B6-8786-4E04-AF4B-092EE2DF8CB0} = {4818E268-63DC-44B4-9365-E22E090A9331}
		{6548892E-20C2-4316-B6C9-A2FA2274E717} = {DE45A95C-FAD3-4499-83FF-E4395CBCB738}
		{4ADB1A27-3D21-4429-B025-DD885E651CD6} = {DE45A95C-FAD3-4499-83FF-E4395CBCB738}
		{6D94E2D6-935E-45C5-B3B2-3D8888006FC7} = {DE45A95C-FAD3-4499-83FF-E4395CBCB738}
		{B3CC3EC7-031D-4EAA-A92D-4F453C416038} = {DE45A95C-FAD3-4499-83FF-E4395CBCB738}
		{13AA2A25-668C-4107-870D-F869CC9FAD15} = {EC1B1C2C-1FDA-4829-A25D-FB4793371F22}
		{6027B17C-6CA0-4040-9E00-9C372B3DEFCD} = {EC1B1C2C-1FDA-4829-A25D-FB4793371F22}
		{B5E0BA5C-4BBD-444C-AD46-762CD746332B} = {EC1B1C2C-1FDA-4829-A25D-FB4793371F22}
		{37C77B4E-A94C-4E89-9F0C-0774C9D2D8CA} = {EC1B1C2C-1FDA-4829-A25D-FB4793371F22}
		{70F1F35F-609F-4A25-9AD3-FD63B9D6C24B} = {991008AE-89BB-4F9F-A48F-3BCBA995C381}
	EndGlobalSection
	GlobalSection(ExtensibilityGlobals) = postSolution
		SolutionGuid = {E5B18A48-A2C9-4423-A1B6-7DA8985E9B6A}
	EndGlobalSection
EndGlobal
